
Microsoft Visual Studio Solution File, Format Version 12.00
# Visual Studio Version 17
VisualStudioVersion = 17.0.31903.59
MinimumVisualStudioVersion = 10.0.40219.1
Project("{FAE04EC0-301F-11D3-BF4B-00C04F79EFBC}") = "Workshops.Data", "Workshops.Data\Workshops.Data.csproj", "{4C310789-33D3-4966-A0E7-D835168C292B}"
EndProject
Project("{FAE04EC0-301F-11D3-BF4B-00C04F79EFBC}") = "Workshops.WebApi", "Workshops.WebApi\Workshops.WebApi.csproj", "{C9A62953-D9EE-4635-987C-A86BAF5349BD}"
EndProject
Global
	GlobalSection(SolutionConfigurationPlatforms) = preSolution
		Debug|Any CPU = Debug|Any CPU
		Debug|x64 = Debug|x64
		Debug|x86 = Debug|x86
		Release|Any CPU = Release|Any CPU
		Release|x64 = Release|x64
		Release|x86 = Release|x86
	EndGlobalSection
	GlobalSection(ProjectConfigurationPlatforms) = postSolution
		{4C310789-33D3-4966-A0E7-D835168C292B}.Debug|Any CPU.ActiveCfg = Debug|Any CPU
		{4C310789-33D3-4966-A0E7-D835168C292B}.Debug|Any CPU.Build.0 = Debug|Any CPU
		{4C310789-33D3-4966-A0E7-D835168C292B}.Debug|x64.ActiveCfg = Debug|Any CPU
		{4C310789-33D3-4966-A0E7-D835168C292B}.Debug|x64.Build.0 = Debug|Any CPU
		{4C310789-33D3-4966-A0E7-D835168C292B}.Debug|x86.ActiveCfg = Debug|Any CPU
		{4C310789-33D3-4966-A0E7-D835168C292B}.Debug|x86.Build.0 = Debug|Any CPU
		{4C310789-33D3-4966-A0E7-D835168C292B}.Release|Any CPU.ActiveCfg = Release|Any CPU
		{4C310789-33D3-4966-A0E7-D835168C292B}.Release|Any CPU.Build.0 = Release|Any CPU
		{4C310789-33D3-4966-A0E7-D835168C292B}.Release|x64.ActiveCfg = Release|Any CPU
		{4C310789-33D3-4966-A0E7-D835168C292B}.Release|x64.Build.0 = Release|Any CPU
		{4C310789-33D3-4966-A0E7-D835168C292B}.Release|x86.ActiveCfg = Release|Any CPU
		{4C310789-33D3-4966-A0E7-D835168C292B}.Release|x86.Build.0 = Release|Any CPU
		{C9A62953-D9EE-4635-987C-A86BAF5349BD}.Debug|Any CPU.ActiveCfg = Debug|Any CPU
		{C9A62953-D9EE-4635-987C-A86BAF5349BD}.Debug|Any CPU.Build.0 = Debug|Any CPU
		{C9A62953-D9EE-4635-987C-A86BAF5349BD}.Debug|x64.ActiveCfg = Debug|Any CPU
		{C9A62953-D9EE-4635-987C-A86BAF5349BD}.Debug|x64.Build.0 = Debug|Any CPU
		{C9A62953-D9EE-4635-987C-A86BAF5349BD}.Debug|x86.ActiveCfg = Debug|Any CPU
		{C9A62953-D9EE-4635-987C-A86BAF5349BD}.Debug|x86.Build.0 = Debug|Any CPU
		{C9A62953-D9EE-4635-987C-A86BAF5349BD}.Release|Any CPU.ActiveCfg = Release|Any CPU
		{C9A62953-D9EE-4635-987C-A86BAF5349BD}.Release|Any CPU.Build.0 = Release|Any CPU
		{C9A62953-D9EE-4635-987C-A86BAF5349BD}.Release|x64.ActiveCfg = Release|Any CPU
		{C9A62953-D9EE-4635-987C-A86BAF5349BD}.Release|x64.Build.0 = Release|Any CPU
		{C9A62953-D9EE-4635-987C-A86BAF5349BD}.Release|x86.ActiveCfg = Release|Any CPU
		{C9A62953-D9EE-4635-987C-A86BAF5349BD}.Release|x86.Build.0 = Release|Any CPU
	EndGlobalSection
	GlobalSection(SolutionProperties) = preSolution
		HideSolutionNode = FALSE
	EndGlobalSection
EndGlobal
